
Microsoft Visual Studio Solution File, Format Version 12.00
# Visual Studio Version 17
VisualStudioVersion = 17.13.35931.197
MinimumVisualStudioVersion = 10.0.40219.1
Project("{FAE04EC0-301F-11D3-BF4B-00C04F79EFBC}") = "Web", "Web\Web.csproj", "{F426C257-AE5E-4FAF-A38C-BE66BFB27C8F}"
EndProject
Project("{FAE04EC0-301F-11D3-BF4B-00C04F79EFBC}") = "Domain", "Domain\Domain.csproj", "{20AACF68-3F22-4723-8917-43C3D9293118}"
EndProject
Project("{FAE04EC0-301F-11D3-BF4B-00C04F79EFBC}") = "Application", "Application\Application.csproj", "{323F6BC3-F04E-4441-9A25-036C4F6BE045}"
EndProject
Project("{FAE04EC0-301F-11D3-BF4B-00C04F79EFBC}") = "Infrastructure", "Persistence\Infrastructure.csproj", "{727CFD8C-23B7-C991-64E7-E71059A345FA}"
EndProject
Project("{FAE04EC0-301F-11D3-BF4B-00C04F79EFBC}") = "Tests", "Tests\Tests.csproj", "{59421CAC-8438-48FC-8AE1-664224547840}"
EndProject
Global
	GlobalSection(SolutionConfigurationPlatforms) = preSolution
		Debug|Any CPU = Debug|Any CPU
		Release|Any CPU = Release|Any CPU
	EndGlobalSection
	GlobalSection(ProjectConfigurationPlatforms) = postSolution
		{F426C257-AE5E-4FAF-A38C-BE66BFB27C8F}.Debug|Any CPU.ActiveCfg = Debug|Any CPU
		{F426C257-AE5E-4FAF-A38C-BE66BFB27C8F}.Debug|Any CPU.Build.0 = Debug|Any CPU
		{F426C257-AE5E-4FAF-A38C-BE66BFB27C8F}.Release|Any CPU.ActiveCfg = Release|Any CPU
		{F426C257-AE5E-4FAF-A38C-BE66BFB27C8F}.Release|Any CPU.Build.0 = Release|Any CPU
		{20AACF68-3F22-4723-8917-43C3D9293118}.Debug|Any CPU.ActiveCfg = Debug|Any CPU
		{20AACF68-3F22-4723-8917-43C3D9293118}.Debug|Any CPU.Build.0 = Debug|Any CPU
		{20AACF68-3F22-4723-8917-43C3D9293118}.Release|Any CPU.ActiveCfg = Release|Any CPU
		{20AACF68-3F22-4723-8917-43C3D9293118}.Release|Any CPU.Build.0 = Release|Any CPU
		{323F6BC3-F04E-4441-9A25-036C4F6BE045}.Debug|Any CPU.ActiveCfg = Debug|Any CPU
		{323F6BC3-F04E-4441-9A25-036C4F6BE045}.Debug|Any CPU.Build.0 = Debug|Any CPU
		{323F6BC3-F04E-4441-9A25-036C4F6BE045}.Release|Any CPU.ActiveCfg = Release|Any CPU
		{323F6BC3-F04E-4441-9A25-036C4F6BE045}.Release|Any CPU.Build.0 = Release|Any CPU
		{727CFD8C-23B7-C991-64E7-E71059A345FA}.Debug|Any CPU.ActiveCfg = Debug|Any CPU
		{727CFD8C-23B7-C991-64E7-E71059A345FA}.Debug|Any CPU.Build.0 = Debug|Any CPU
		{727CFD8C-23B7-C991-64E7-E71059A345FA}.Release|Any CPU.ActiveCfg = Release|Any CPU
		{727CFD8C-23B7-C991-64E7-E71059A345FA}.Release|Any CPU.Build.0 = Release|Any CPU
		{59421CAC-8438-48FC-8AE1-664224547840}.Debug|Any CPU.ActiveCfg = Debug|Any CPU
		{59421CAC-8438-48FC-8AE1-664224547840}.Debug|Any CPU.Build.0 = Debug|Any CPU
		{59421CAC-8438-48FC-8AE1-664224547840}.Release|Any CPU.ActiveCfg = Release|Any CPU
		{59421CAC-8438-48FC-8AE1-664224547840}.Release|Any CPU.Build.0 = Release|Any CPU
	EndGlobalSection
	GlobalSection(SolutionProperties) = preSolution
		HideSolutionNode = FALSE
	EndGlobalSection
	GlobalSection(ExtensibilityGlobals) = postSolution
		SolutionGuid = {997AD882-C974-4FDD-AD79-3AB8FD8F87F5}
	EndGlobalSection
EndGlobal
